{
  "name": "playground",
  "version": "1.0.0",
  "lockfileVersion": 3,
  "requires": true,
  "packages": {
    "": {
      "name": "playground",
      "version": "1.0.0",
      "license": "ISC",
      "dependencies": {
        "nounmeral": "file:../../.."
      }
    },
    "..": {
      "version": "0.1.0",
      "extraneous": true,
      "license": "ISC",
      "devDependencies": {
        "nodemon": "^3.0.1",
        "typescript": "^5.2.2"
      }
    },
    "../..": {
      "version": "0.1.0",
      "extraneous": true,
      "license": "ISC",
      "dependencies": {
        "@types/node": "^18.17.13"
      },
      "devDependencies": {
        "nodemon": "^3.0.1",
        "typescript": "^5.2.2"
      }
    },
    "../../..": {
      "version": "1.0.0",
      "hasInstallScript": true,
      "license": "MIT",
      "devDependencies": {
        "@types/jest": "^29.5.4",
        "@types/node": "^18.17.13",
        "cross-env": "^7.0.3",
        "nodemon": "^3.0.1",
        "ts-jest": "^29.1.1",
        "typescript": "^5.2.2"
      }
    },
    "node_modules/nounmeral": {
      "resolved": "../../..",
      "link": true
    }
  }
}
