{
  "name": "playground",
  "version": "1.0.0",
  "lockfileVersion": 3,
  "requires": true,
  "packages": {
    "": {
      "name": "playground",
      "version": "1.0.0",
      "license": "ISC",
      "dependencies": {
        "nounmeral": "file:../../.."
      }
    },
    "..": {
      "version": "0.1.0",
      "extraneous": true,
      "license": "ISC",
      "devDependencies": {
        "nodemon": "^3.0.1",
        "typescript": "^5.2.2"
      }
    },
    "../..": {
      "version": "0.1.0",
      "extraneous": true,
      "license": "ISC",
      "dependencies": {
        "@types/node": "^18.17.13"
      },
      "devDependencies": {
        "nodemon": "^3.0.1",
        "typescript": "^5.2.2"
      }
    },
    "../../..": {
      "version": "1.1.1",
      "license": "MIT",
      "devDependencies": {
        "@types/jest": "^29.5.4",
        "@types/node": "^18.17.13",
        "@typescript-eslint/eslint-plugin": "^6.5.0",
        "@typescript-eslint/parser": "^6.5.0",
        "cross-env": "^7.0.3",
        "eslint": "^8.48.0",
        "eslint-config-prettier": "^9.0.0",
        "eslint-plugin-prettier": "^5.0.0",
        "nodemon": "^3.0.1",
        "prettier": "^3.0.3",
        "ts-jest": "^29.1.1",
        "typescript": "^5.2.2"
      }
    },
    "node_modules/nounmeral": {
      "resolved": "../../..",
      "link": true
    }
  }
}
